{
  "favourites": [
    {
      "Title": "The Chronicles of Riddick",
      "Year": "2004",
      "imdbID": "tt0296572",
      "Type": "movie",
      "Poster": "https://m.media-amazon.com/images/M/MV5BNzBjNmJkYjUtMTFjMC00ZWI5LWEyM2YtNzczOTczMmM1ODY5XkEyXkFqcGdeQXVyNzQ1ODk3MTQ@._V1_SX300.jpg",
      "id": 1
    },
    {
      "Title": "Mad Max: Fury Road",
      "Year": "2015",
      "imdbID": "tt1392190",
      "Type": "movie",
      "Poster": "https://m.media-amazon.com/images/M/MV5BN2EwM2I5OWMtMGQyMi00Zjg1LWJkNTctZTdjYTA4OGUwZjMyXkEyXkFqcGdeQXVyMTMxODk2OTU@._V1_SX300.jpg",
      "id": 2
    },
    {
      "Title": "Encanto",
      "Year": "2021",
      "imdbID": "tt2953050",
      "Type": "movie",
      "Poster": "https://m.media-amazon.com/images/M/MV5BNjE5NzA4ZDctOTJkZi00NzM0LTkwOTYtMDI4MmNkMzIxODhkXkEyXkFqcGdeQXVyNjY1MTg4Mzc@._V1_SX300.jpg",
      "id": 3
    },
    {
      "Title": "Game of Thrones",
      "Year": "2011–2019",
      "imdbID": "tt0944947",
      "Type": "series",
      "Poster": "https://m.media-amazon.com/images/M/MV5BN2IzYzBiOTQtNGZmMi00NDI5LTgxMzMtN2EzZjA1NjhlOGMxXkEyXkFqcGdeQXVyNjAwNDUxODI@._V1_SX300.jpg",
      "id": 4
    },
    {
      "Title": "Ip Man 4: The Finale",
      "Year": "2019",
      "imdbID": "tt2076298",
      "Type": "movie",
      "Poster": "https://m.media-amazon.com/images/M/MV5BNzYyZWIwZjQtZGVjZi00NWIxLTk0ODMtNzA3YzE5MWM3OWI0XkEyXkFqcGdeQXVyMTMxODk2OTU@._V1_SX300.jpg",
      "id": 5
    },
    {
      "Title": "Boyka: Undisputed",
      "Year": "2016",
      "imdbID": "tt3344680",
      "Type": "movie",
      "Poster": "https://m.media-amazon.com/images/M/MV5BNGQ4YjhmNzUtZTI1MC00OTQ3LTk4MTItYWJhNDdmNGZjOWU2XkEyXkFqcGdeQXVyMTA2NjI0MQ@@._V1_SX300.jpg",
      "id": 6
    }
  ]
}